
Microsoft Visual Studio Solution File, Format Version 12.00
# Visual Studio Version 16
VisualStudioVersion = 16.0.29613.14
MinimumVisualStudioVersion = 10.0.40219.1
Project("{9A19103F-16F7-4668-BE54-9A1E7A4F7556}") = "NN.GoogleRecaptcha", "NN.GoogleRecaptcha\NN.GoogleRecaptcha.csproj", "{AEDE9079-AEBA-435A-9F12-2D2429EC0F0F}"
EndProject
Project("{9A19103F-16F7-4668-BE54-9A1E7A4F7556}") = "NN.Standard.GoogleRecaptcha", "NN.Standard.GoogleRecaptcha\NN.Standard.GoogleRecaptcha.csproj", "{03CF4F4C-DB37-4460-AA2F-B1133ECDB543}"
EndProject
Project("{9A19103F-16F7-4668-BE54-9A1E7A4F7556}") = "NN.Standard.Facebook", "NN.Standard.Facebook\NN.Standard.Facebook.csproj", "{DFD6310B-379D-4143-BFA4-1CEF3CDF5CD1}"
EndProject
Project("{9A19103F-16F7-4668-BE54-9A1E7A4F7556}") = "NN.Standard.Hubspot", "NN.Standard.Hubspot\NN.Standard.Hubspot.csproj", "{C51A238D-6A2C-45B7-9024-AD2618B77CFF}"
EndProject
Project("{FAE04EC0-301F-11D3-BF4B-00C04F79EFBC}") = "NN.Standard.Image", "NN.Standard.Image\NN.Standard.Image.csproj", "{33674BE9-09A9-44BB-A7A9-D43AC854C128}"
EndProject
Project("{FAE04EC0-301F-11D3-BF4B-00C04F79EFBC}") = "NN.Standard.Encrypt", "NN.Standard.Encrypt\NN.Standard.Encrypt.csproj", "{C6096D34-35C7-4356-BF74-3E97FCAE7BA1}"
EndProject
Project("{FAE04EC0-301F-11D3-BF4B-00C04F79EFBC}") = "NN.Standard.Common", "NN.Standard.Common\NN.Standard.Common.csproj", "{4BE68E55-E2DC-4B8A-B88A-03A96FADDC58}"
EndProject
Global
	GlobalSection(SolutionConfigurationPlatforms) = preSolution
		Debug|Any CPU = Debug|Any CPU
		Release|Any CPU = Release|Any CPU
	EndGlobalSection
	GlobalSection(ProjectConfigurationPlatforms) = postSolution
		{AEDE9079-AEBA-435A-9F12-2D2429EC0F0F}.Debug|Any CPU.ActiveCfg = Debug|Any CPU
		{AEDE9079-AEBA-435A-9F12-2D2429EC0F0F}.Debug|Any CPU.Build.0 = Debug|Any CPU
		{AEDE9079-AEBA-435A-9F12-2D2429EC0F0F}.Release|Any CPU.ActiveCfg = Release|Any CPU
		{AEDE9079-AEBA-435A-9F12-2D2429EC0F0F}.Release|Any CPU.Build.0 = Release|Any CPU
		{03CF4F4C-DB37-4460-AA2F-B1133ECDB543}.Debug|Any CPU.ActiveCfg = Debug|Any CPU
		{03CF4F4C-DB37-4460-AA2F-B1133ECDB543}.Debug|Any CPU.Build.0 = Debug|Any CPU
		{03CF4F4C-DB37-4460-AA2F-B1133ECDB543}.Release|Any CPU.ActiveCfg = Release|Any CPU
		{03CF4F4C-DB37-4460-AA2F-B1133ECDB543}.Release|Any CPU.Build.0 = Release|Any CPU
		{DFD6310B-379D-4143-BFA4-1CEF3CDF5CD1}.Debug|Any CPU.ActiveCfg = Debug|Any CPU
		{DFD6310B-379D-4143-BFA4-1CEF3CDF5CD1}.Debug|Any CPU.Build.0 = Debug|Any CPU
		{DFD6310B-379D-4143-BFA4-1CEF3CDF5CD1}.Release|Any CPU.ActiveCfg = Release|Any CPU
		{DFD6310B-379D-4143-BFA4-1CEF3CDF5CD1}.Release|Any CPU.Build.0 = Release|Any CPU
		{C51A238D-6A2C-45B7-9024-AD2618B77CFF}.Debug|Any CPU.ActiveCfg = Debug|Any CPU
		{C51A238D-6A2C-45B7-9024-AD2618B77CFF}.Debug|Any CPU.Build.0 = Debug|Any CPU
		{C51A238D-6A2C-45B7-9024-AD2618B77CFF}.Release|Any CPU.ActiveCfg = Release|Any CPU
		{C51A238D-6A2C-45B7-9024-AD2618B77CFF}.Release|Any CPU.Build.0 = Release|Any CPU
		{33674BE9-09A9-44BB-A7A9-D43AC854C128}.Debug|Any CPU.ActiveCfg = Debug|Any CPU
		{33674BE9-09A9-44BB-A7A9-D43AC854C128}.Debug|Any CPU.Build.0 = Debug|Any CPU
		{33674BE9-09A9-44BB-A7A9-D43AC854C128}.Release|Any CPU.ActiveCfg = Release|Any CPU
		{33674BE9-09A9-44BB-A7A9-D43AC854C128}.Release|Any CPU.Build.0 = Release|Any CPU
		{C6096D34-35C7-4356-BF74-3E97FCAE7BA1}.Debug|Any CPU.ActiveCfg = Debug|Any CPU
		{C6096D34-35C7-4356-BF74-3E97FCAE7BA1}.Debug|Any CPU.Build.0 = Debug|Any CPU
		{C6096D34-35C7-4356-BF74-3E97FCAE7BA1}.Release|Any CPU.ActiveCfg = Release|Any CPU
		{C6096D34-35C7-4356-BF74-3E97FCAE7BA1}.Release|Any CPU.Build.0 = Release|Any CPU
		{4BE68E55-E2DC-4B8A-B88A-03A96FADDC58}.Debug|Any CPU.ActiveCfg = Debug|Any CPU
		{4BE68E55-E2DC-4B8A-B88A-03A96FADDC58}.Debug|Any CPU.Build.0 = Debug|Any CPU
		{4BE68E55-E2DC-4B8A-B88A-03A96FADDC58}.Release|Any CPU.ActiveCfg = Release|Any CPU
		{4BE68E55-E2DC-4B8A-B88A-03A96FADDC58}.Release|Any CPU.Build.0 = Release|Any CPU
	EndGlobalSection
	GlobalSection(SolutionProperties) = preSolution
		HideSolutionNode = FALSE
	EndGlobalSection
	GlobalSection(ExtensibilityGlobals) = postSolution
		SolutionGuid = {5522E3D9-9072-428B-995B-E477901C484F}
	EndGlobalSection
EndGlobal
